
Microsoft Visual Studio Solution File, Format Version 12.00
# Visual Studio Version 16
VisualStudioVersion = 16.0.29324.140
MinimumVisualStudioVersion = 10.0.40219.1
Project("{9A19103F-16F7-4668-BE54-9A1E7A4F7556}") = "01.OnTimeForThe xam", "01.OnTimeForThe xam\01.OnTimeForThe xam.csproj", "{A9DCE87D-9590-43C3-B562-04C0D700691B}"
EndProject
Project("{9A19103F-16F7-4668-BE54-9A1E7A4F7556}") = "02.Trip", "02.Trip\02.Trip.csproj", "{9DFFE322-A198-4DB2-AE83-31F278CAF9C4}"
EndProject
Project("{9A19103F-16F7-4668-BE54-9A1E7A4F7556}") = "03.Operations", "03.Operations\03.Operations.csproj", "{4A725A8A-C083-485E-A63F-AC005DCFD3CD}"
EndProject
Project("{9A19103F-16F7-4668-BE54-9A1E7A4F7556}") = "04.MatchTickets", "04.MatchTickets\04.MatchTickets.csproj", "{C1EC827E-FEAA-4E50-9ACE-0DF404018C15}"
EndProject
Project("{9A19103F-16F7-4668-BE54-9A1E7A4F7556}") = "05.HotelRoom", "05.HotelRoom\05.HotelRoom.csproj", "{C098D777-389F-4EE4-A9FD-6E4DB4055061}"
EndProject
Global
	GlobalSection(SolutionConfigurationPlatforms) = preSolution
		Debug|Any CPU = Debug|Any CPU
		Release|Any CPU = Release|Any CPU
	EndGlobalSection
	GlobalSection(ProjectConfigurationPlatforms) = postSolution
		{A9DCE87D-9590-43C3-B562-04C0D700691B}.Debug|Any CPU.ActiveCfg = Debug|Any CPU
		{A9DCE87D-9590-43C3-B562-04C0D700691B}.Debug|Any CPU.Build.0 = Debug|Any CPU
		{A9DCE87D-9590-43C3-B562-04C0D700691B}.Release|Any CPU.ActiveCfg = Release|Any CPU
		{A9DCE87D-9590-43C3-B562-04C0D700691B}.Release|Any CPU.Build.0 = Release|Any CPU
		{9DFFE322-A198-4DB2-AE83-31F278CAF9C4}.Debug|Any CPU.ActiveCfg = Debug|Any CPU
		{9DFFE322-A198-4DB2-AE83-31F278CAF9C4}.Debug|Any CPU.Build.0 = Debug|Any CPU
		{9DFFE322-A198-4DB2-AE83-31F278CAF9C4}.Release|Any CPU.ActiveCfg = Release|Any CPU
		{9DFFE322-A198-4DB2-AE83-31F278CAF9C4}.Release|Any CPU.Build.0 = Release|Any CPU
		{4A725A8A-C083-485E-A63F-AC005DCFD3CD}.Debug|Any CPU.ActiveCfg = Debug|Any CPU
		{4A725A8A-C083-485E-A63F-AC005DCFD3CD}.Debug|Any CPU.Build.0 = Debug|Any CPU
		{4A725A8A-C083-485E-A63F-AC005DCFD3CD}.Release|Any CPU.ActiveCfg = Release|Any CPU
		{4A725A8A-C083-485E-A63F-AC005DCFD3CD}.Release|Any CPU.Build.0 = Release|Any CPU
		{C1EC827E-FEAA-4E50-9ACE-0DF404018C15}.Debug|Any CPU.ActiveCfg = Debug|Any CPU
		{C1EC827E-FEAA-4E50-9ACE-0DF404018C15}.Debug|Any CPU.Build.0 = Debug|Any CPU
		{C1EC827E-FEAA-4E50-9ACE-0DF404018C15}.Release|Any CPU.ActiveCfg = Release|Any CPU
		{C1EC827E-FEAA-4E50-9ACE-0DF404018C15}.Release|Any CPU.Build.0 = Release|Any CPU
		{C098D777-389F-4EE4-A9FD-6E4DB4055061}.Debug|Any CPU.ActiveCfg = Debug|Any CPU
		{C098D777-389F-4EE4-A9FD-6E4DB4055061}.Debug|Any CPU.Build.0 = Debug|Any CPU
		{C098D777-389F-4EE4-A9FD-6E4DB4055061}.Release|Any CPU.ActiveCfg = Release|Any CPU
		{C098D777-389F-4EE4-A9FD-6E4DB4055061}.Release|Any CPU.Build.0 = Release|Any CPU
	EndGlobalSection
	GlobalSection(SolutionProperties) = preSolution
		HideSolutionNode = FALSE
	EndGlobalSection
	GlobalSection(ExtensibilityGlobals) = postSolution
		SolutionGuid = {8B4FEF3E-D31F-469E-8B31-2AAAA5EA99F8}
	EndGlobalSection
EndGlobal
