
Microsoft Visual Studio Solution File, Format Version 12.00
# Visual Studio Version 16
VisualStudioVersion = 16.0.31129.286
MinimumVisualStudioVersion = 10.0.40219.1
Project("{FAE04EC0-301F-11D3-BF4B-00C04F79EFBC}") = "03.5Debug", "03.5Debug\03.5Debug.csproj", "{DDE44447-3F48-44AF-936E-AE541468765D}"
EndProject
Global
	GlobalSection(SolutionConfigurationPlatforms) = preSolution
		Debug|Any CPU = Debug|Any CPU
		Release|Any CPU = Release|Any CPU
	EndGlobalSection
	GlobalSection(ProjectConfigurationPlatforms) = postSolution
		{DDE44447-3F48-44AF-936E-AE541468765D}.Debug|Any CPU.ActiveCfg = Debug|Any CPU
		{DDE44447-3F48-44AF-936E-AE541468765D}.Debug|Any CPU.Build.0 = Debug|Any CPU
		{DDE44447-3F48-44AF-936E-AE541468765D}.Release|Any CPU.ActiveCfg = Release|Any CPU
		{DDE44447-3F48-44AF-936E-AE541468765D}.Release|Any CPU.Build.0 = Release|Any CPU
	EndGlobalSection
	GlobalSection(SolutionProperties) = preSolution
		HideSolutionNode = FALSE
	EndGlobalSection
	GlobalSection(ExtensibilityGlobals) = postSolution
		SolutionGuid = {24130BF4-1AD1-4174-A2BC-C5E18C3D0C88}
	EndGlobalSection
EndGlobal
